{
    "_meta": {
        "hash": {
            "sha256": "81d10cc59dec1c339245028b0ea37c5dbd274ab00921b15afc93616e214aba31"
        },
        "pipfile-spec": 6,
        "requires": {
            "python_version": "3.13"
        },
        "sources": [
            {
                "name": "pypi",
                "url": "https://pypi.org/simple",
                "verify_ssl": true
            }
        ]
    },
    "default": {
        "altgraph": {
            "hashes": [
                "sha256:1b5afbb98f6c4dcadb2e2ae6ab9fa994bbb8c1d75f4fa96d340f9437ae454406",
                "sha256:642743b4750de17e655e6711601b077bc6598dbfa3ba5fa2b2a35ce12b508dff"
            ],
            "version": "==0.17.4"
        },
        "packaging": {
            "hashes": [
                "sha256:29572ef2b1f17581046b3a2227d5c611fb25ec70ca1ba8554b24b0e69331a484",
                "sha256:d443872c98d677bf60f6a1f2f8c1cb748e8fe762d2bf9d3148b5599295b0fc4f"
            ],
            "markers": "python_version >= '3.8'",
            "version": "==25.0"
        },
        "pefile": {
            "hashes": [
                "sha256:82e6114004b3d6911c77c3953e3838654b04511b8b66e8583db70c65998017dc",
                "sha256:da185cd2af68c08a6cd4481f7325ed600a88f6a813bad9dea07ab3ef73d8d8d6"
            ],
            "markers": "python_full_version >= '3.6.0'",
            "version": "==2023.2.7"
        },
        "pybase64": {
            "hashes": [
                "sha256:011a54ff6ca44c5d03746aec3f1f492fce3155bd3f943fb2ceaea92416d40eeb",
                "sha256:02c3647d270af1a3edd35e485bb7ccfe82180b8347c49e09973466165c03d7aa",
                "sha256:02ff55724616a11eebceac6c8445dadac79289ae8d1e40eed1b24aa7517fa225",
                "sha256:03fc365c601671add4f9e0713c2bc2485fa4ab2b32f0d3bb060bd7e069cdaa43",
                "sha256:04fee0f5c174212868fde97b109db8fac8249b306a00ea323531ee61c7b0f398",
                "sha256:06d4d29312746e56a89ffc7cf797e8d1c3dfc4d0ab9cf883bb3f7267a7c74b25",
                "sha256:0b0093c52bd099b80e422ad8cddf6f2c1ac1b09cb0922cca04891d736c2ad647",
                "sha256:0c226a24e4ab8eb351b1e979aca91590742515a7069347a9fe7deae31cab9442",
                "sha256:0d8b5888cc239654fe68a0db196a18575ffc8b1c8c8f670c2971a44e3b7fe682",
                "sha256:10e2cb40869fe703484ba89ae50e05d63a169f7c42db59e29f8af0890c50515d",
                "sha256:12987975c58f6547eff106454c252ad19b59e5a2de3c47a9efecee1a2a15aba5",
                "sha256:15e54f9b2a1686f5bbdc4ac8440b6f6145d9699fd53aa30f347931f3063b0915",
                "sha256:164d97bbf5d69431066374a7954c178be28b030adb55089920ec60462cb05b6a",
                "sha256:19ef58d36b9b32024768fcedb024f32c05eb464128c75c07cac2b50c9ed47f4a",
                "sha256:1a18644fb3e940ed622738f2ee14d9a2811bb542ffd3f85c3fb661130675ac4f",
                "sha256:1d34872e5aa2eff9dc54cedaf36038bbfbd5a3440fdf0bdc5b3c81c54ef151ea",
                "sha256:1d8370f7930b3a8e9c8da341830898f1391a050d703f42bd2b95120664844368",
                "sha256:1ddf6366c34eb78931fd8a47c00cb886ba187a5ff8e6dbffe1d9dae4754b6c28",
                "sha256:20e575310b2ddc8f303f9a41987dc8b4c8dc6b992567bca5eda7f1ab6cf4289b",
                "sha256:25b8405f632cce8b2e2f991ec2e4074b6a98ea44273cd218ffc3f88524ed162a",
                "sha256:26ebcd7ccadde46ab35b16fee6f3b9478142833a164e10040b942ad5ccc8c4c0",
                "sha256:290adeb7844a5889decdf2424862179205dc4239f38cd0f87c5b56f87b87db99",
                "sha256:2a98d323e97444a38db38e022ccaf1d3e053b1942455790a93f29086c687855f",
                "sha256:2cdda297e668e118f6b9ba804e858ff49e3dd945d01fdd147de90445fd08927d",
                "sha256:32d518bcef00d6ea2aefe004e8e4af3eaf282a28be75aea34d800651c43dc1e1",
                "sha256:35635db0d64fcbe9b3fad265314c052c47dc9bcef8dea17493ea8e3c15b2b972",
                "sha256:389225d882a96f30f63b37fabfb36ccf9ec23f4345052acd99dec16c4e0f11ae",
                "sha256:3a0433a4e76f10862817f303c2bf74371e118cb24124836bfb0d95ebc182dc97",
                "sha256:3a0fdcf13f986c82f7ef04a1cd1163c70f39662d6f02aa4e7b448dacb966b39f",
                "sha256:3f645629fae78e337faaa2ad7d35ced3f65b66f66629542d374641e30b218d1f",
                "sha256:426e1ab673c744012d4b072fa6dc0642ca900b5c341f5e0c3a1c30b5dac332d1",
                "sha256:4308ef7447e76169c92bf809830ab95cee52821b4ab93bde93fad449b8a6a821",
                "sha256:4471257628785296efb2d50077fb9dfdbd4d2732c3487795224dd2644216fb07",
                "sha256:45a785a3d29faf0309910d96e13c34870adb4ae43ea262868c6cf6a311936f37",
                "sha256:47737ff9eabc14b7553de6bc6395d67c5be80afcdbd25180285d13e089e40888",
                "sha256:480c0c444eb07e4855d2eeab3f91a70331b75862d7a3dce0e6d4caddbfb4c09b",
                "sha256:4822576a58666c0eb5c36af032bd5dbd0c30e9612ca8c19e0af1c32a861907e4",
                "sha256:4b31da1466faf3cfa775027d161d07640f3d1c6bbc8edf3725f8833ed0b25a2f",
                "sha256:4b3635e5873707906e72963c447a67969cfc6bac055432a57a91d7a4d5164fdf",
                "sha256:4bccdf340c2a1d3dd1f41528f192265ddce7f8df1ee4f7b5b9163cdba0fe0ccb",
                "sha256:4c87f0149c2c6b0c19746c72e146067275f632a495e7f2de9bbd38b2e48630ee",
                "sha256:500afcb717a84e262c68f0baf9c56abaf97e2f058ba80c5546a9ed21ff4b705f",
                "sha256:51a24d21a21a959eb8884f24346a6480c4bd624aa7976c9761504d847a2f9364",
                "sha256:5202939f188cf150e1bc56f8b0da54a2cae2dcb9b27f4f7d313b358f707e1f7f",
                "sha256:5dac8d885342d49f6306e666688288c50515d0743e36a4405b1413feb43f39cc",
                "sha256:614561297ad14de315dd27381fd6ec3ea4de0d8206ba4c7678449afaff8a2009",
                "sha256:62dc454c50ed78256fdd477b828ecc2be6a00a0f0659f7c3914b33e1bc81170a",
                "sha256:62e42807bde3a7d18a0a7d35bd7fb1fe68f99c897eea8d3ea3aa0791b91358eb",
                "sha256:644f393e9bb7f3bacc5cbd3534d02e1b660b258fc8315ecae74d2e23265e5c1f",
                "sha256:65567e8f4f31cf6e1a8cc570723cc6b18adda79b4387a18f8d93c157ff5f1979",
                "sha256:66b5b68e2fa41f9b267136fd788e1715c96bed37a2c0f73abf8741a50f196997",
                "sha256:678f573ea1d06183b32d0336044fb5db60396333599dffcce28ffa3b68319fc0",
                "sha256:6932053b71e6d4db62c0b89255caee88f796eadfb3c7d650a4637a3c849cc730",
                "sha256:6a1af8d387dbce05944b65a618639918804b2d4438fed32bb7f06d9c90dbed01",
                "sha256:6b426d106ba451fe04e6841bc962332793e5a951ebe23378ee61938b65824095",
                "sha256:6e15e0eaf665bcc5427c1f32f604ed02d599b7777e8b7f8391e943a8d7bc443f",
                "sha256:72808de9aab43112deb04003e5e0d060c7cb1a60c3dcf74bbf61a9d7c596c5af",
                "sha256:732c5a4f7b389e6655375e75bde6fbab15508c8ae819bf41bda2c0202a59ff19",
                "sha256:734e3dea40a30225b53d8d341ee4308f7b0182f1a8ce3f4309575c0af07b9902",
                "sha256:7726e655134132dde59bddabcd74d140f818eeecc70d149267267d5e29335193",
                "sha256:77339b232fbaf7f6ecbfb8a31aec25f3eeca8bc938188180c730d2084e4a246a",
                "sha256:78165489e1026b80d3914488de51d28b247d9c75dbf8f2d0bf81c88d1636eb81",
                "sha256:7c07f62da3feb1aa0423454b28ecda86694cb8d3222a321d9c0e730e9a4368c1",
                "sha256:7d83ab7822da5740f1d17c72fb451e9468e72976b89cfb9eb4f6a5b66491b5dc",
                "sha256:7fb782f3ceb30e24dc4d8d99c1221a381917bffaf85d29542f0f25b51829987c",
                "sha256:8030ad8fe74c034cfad9a9a037c7b6ee85094b522c8b94c05e81df46e9a0eb5c",
                "sha256:80e85e5ca298d3a9916c47e6fb0c47ebe5bf7996eac6983c887027b378e9bcae",
                "sha256:82efee94d6bd93f7787afc42f260fa0b60e24c8dc7f172bd45cfe99fa39567ff",
                "sha256:8a9f1b614efd41240c9bb2cf66031aa7a2c3c092c928f9d429511fe18d4a3fd1",
                "sha256:8b7765515d7e0a48ddfde914dc2b1782234ac188ce3fab173b078a6e82ec7017",
                "sha256:8bf440f8332de0ed863c51de332c2487011fcce448acd1f32549a01ca4550d74",
                "sha256:8d4bf9c94bc948cb3c3b0e38074d0de04f23d35765a306059417751e982da384",
                "sha256:8d81fc9f6d7d79708cb853a599e1143740c0c359235484c15b1f436c50e891cc",
                "sha256:8db9acf239bb71a888748bc9ffc12c97c1079393a38bc180c0548330746ece94",
                "sha256:8ec003224f6e36e8e607a1bb8df182b367c87ca7135788ffe89173c7d5085005",
                "sha256:8f52c4c29a35381f3ae06d520144a0707132f2cbfb53bc907b74811734bc4ef3",
                "sha256:9101ee786648fc45b4765626eaf71114dd021b73543d8a3ab975df3dfdcca667",
                "sha256:9117f9be7f9a190e245dd7045b760b775d0b11ccc4414925cf725cdee807d5f6",
                "sha256:91c1041a9660dccf55e559efaa2025fd62f0217dc41d805f3ca1340dd1dff317",
                "sha256:92b2305ac2442b451e19d42c4650c3bb090d6aa9abd87c0c4d700267d8fa96b1",
                "sha256:97e25723ecf7c439f650192d43699aab0a22850dca9cc6d60377c42bb4df7812",
                "sha256:988e987f8cfe2dfde7475baf5f12f82b2f454841aef3a174b694a57a92d5dfb0",
                "sha256:9ac21c1943a15552347305943b1d0d6298fb64a98b67c750cb8fb2c190cdefd4",
                "sha256:9d5202cd4a8a0cd1b28c11730cf5da3c014450ad03732b5da03fac89b7693ec2",
                "sha256:9fdabd0d7fda2517ff36559189f7c00b376feafbd5d23bf5914e256246d29d7e",
                "sha256:a0206b4b65f7cc0e0b6c26428765d3f0bae1312cb9d0fcebfad7cc24dfae4788",
                "sha256:a20cff09b13cb8b72b35a9dd12173a7e3bd8e54efb9a708680014562ba47c648",
                "sha256:a230b64474f02075608d81fc19073c86cb4e63111d5c94f8bf77a3f2c0569956",
                "sha256:a306cb9ae5a6361e094e5617454dd26d19c896ccfc67d0357d96b96c5197547a",
                "sha256:a4eb94f63a562fc2f4759db5b0acbbf87afc12ab2d430a20fa5fbdee8138a37c",
                "sha256:a6b22975ff4e2dc73f86d3e648f16a48cb9e7c7f4b80bac43bd9e5332259cfc4",
                "sha256:a7ae7a30be0d50d4163293025935d390d3fe28e735559d051511b7f0b5339437",
                "sha256:aa4232a7082cca16db5de64f30056702d2d4ee4a5da1e2bbf9fd59bd3a67baed",
                "sha256:ab02c31afe58b03d55a66fd9bd2cc4a04698b6bb2c33f68955aaec151542d838",
                "sha256:ab0b93ea93cf1f56ca4727d678a9c0144c2653e9de4e93e789a92b4e098c07d9",
                "sha256:ac03f8eba72dd6da15dc25bb3e1b440ad21f5cb7ee2e6ffbbae4bd1b206bb503",
                "sha256:af41e2e6015f980d15eae0df0c365df94c7587790aea236ba0bf48c65a9fa04e",
                "sha256:b0bdb646f859132c68230efabc09fd8828ca20c59de7d53082f372c4b8af7aaa",
                "sha256:b19e169ea1b8a15a03d3a379116eb7b17740803e89bc6eb3efcc74f532323cf7",
                "sha256:b1cef7bb7f0a84f3ffa97f431e65924bdaa95bf1696006fd7a391aaa8aa67753",
                "sha256:b2ab7b4535abc72d40114540cae32c9e07d76ffba132bdd5d4fff5fe340c5801",
                "sha256:b4ccb438c4208ff41a260b70994c30a8631051f3b025cdca48be586b068b8f49",
                "sha256:b881e99edaa4e5c90a34049573947c00b95b2ac06e670082f1f2f90edc602fff",
                "sha256:ba4184ea43aa88a5ab8d6d15db284689765c7487ff3810764d8d823b545158e6",
                "sha256:bbdcf77e424c91389f22bf10158851ce05c602c50a74ccf5943ee3f5ef4ba489",
                "sha256:bc06186cfa9a43e871fdca47c1379bdf1cfe964bd94a47f0919a1ffab195b39e",
                "sha256:bceafd1450436dfca597958bd77cc619ed79311310b2a9271ce7a8069bdcb139",
                "sha256:bd1de051b9b032d84e799af498b44499e90122a095da7dad89c2873518473c67",
                "sha256:bee30d01e59cfff7e241e9d94cf396af852bb36339b5a7d960e2583598128556",
                "sha256:bf8213e6b8c658df2971c5a56df42202d7f89d5d6312d066d49923cc98a39299",
                "sha256:c15765be7921914d0dad0a2fb57c35a1811e1cbe2d1e47c39e0c66ed7db52898",
                "sha256:c1b16691be4b63be973804de22b4b79e40c439e54ad9587f86f31f958b518625",
                "sha256:c36e214c25fb8dd4f3ecdaa0ff90073b793056e0065cc0a1e1e5525a6866a1ad",
                "sha256:c536c6ed161e6fb19f6acd6074f29a4c78cb41c9155c841d56aec1a4d20d5894",
                "sha256:c7628c86c431e04ae192ffeff0f8ae96b70ff4c053ad666625e7d6335196ea8a",
                "sha256:cc9a3f56630e707dbe7a34383943a1daefa699bc99c3250f8af9f8245056fccd",
                "sha256:d1c38d9c4a7c132d45859af8d5364d3ce90975a42bd5995d18d174fb57621973",
                "sha256:d1dcddfa521fb6cbab0385032d43f0ca13212459abd6efc381b6e9847e9fbd79",
                "sha256:d1ff80e03357b09dab016f41b4c75cf06e9b19cda7f898e4f3681028a3dff29b",
                "sha256:d2de043312a1e7f15ee6d2b7d9e39ee6afe24f144e2248cce942b6be357b70d8",
                "sha256:d450f8b6758f23d557097f52c09589504d80ca37730366e3a3f2335a665c5a52",
                "sha256:d9947b5e289e2c5b018ddc2aee2b9ed137b8aaaba7edfcb73623e576a2407740",
                "sha256:da66eb7cfb641486944fb0b95ab138e691ab78503115022caf992b6c89b10396",
                "sha256:e0ea46295faf5951e0bcc0859be015e9630cdc854c40dc3c5d8401da1eeb6e84",
                "sha256:e1837488c7aa9bc7ba7bb0449908e57ecfe444e3c7347a905a87450c7e523e00",
                "sha256:e45d3b174f20563878b7d745940d3a80a5c10ba556d39a5d7b9a7ed0d82c672e",
                "sha256:e6b22cbc8ec3dd26791293113b9102f9887f41865e442fb228f661a8340f9461",
                "sha256:e6d1bbeea2bb98cffba2aa8eb6365798057a7dcf165b58c88c42485cd3fc21db",
                "sha256:e89493fa77657e12de0ed359ce2226dff39e0012c95f750bd1bd0611c24ddfd1",
                "sha256:e8c28700ccf55348a7a4ad3554e6b4c5b83c640bfaa272fee6b4d0030566fe05",
                "sha256:ea835272570aa811e08ae17612632b057623a9b27265d44288db666c02b438dc",
                "sha256:eb09bd829d4fef567505212b6bb87cd7a42b5aa2a3b83fc2bd61a188db7793e0",
                "sha256:ecc374ea70bcef1884d3745480e07d1502bfbb41ac138cc38445c58c685dee32",
                "sha256:eda1a04db3c3a5f9a8f902a3d537bac4bbc91f2f93a7e5cb4396ec50e16899d5",
                "sha256:ef8ee856500d4750105597384bf209b6d818b433cbe38a062ed1621a0e4eb155",
                "sha256:f033501b08bbfc89a725f9a283b485348df2cb7acb8c41ca52ccfa76785d9343",
                "sha256:f6634d77e2f4b559daf30234f2dc679de9de3ba88effbdc0354a68b3aa2d29d3",
                "sha256:f73a1ac604accfff484f88786197822b4b8b9c727d10854d9475704707c267f8",
                "sha256:fa5cdabcb4d21b7e56d0b2edd7ed6fa933ac3535be30c2a9cf0a2e270c5369c8",
                "sha256:fb18c6a4defe85d23b16b1e6d6c7c3038cc402adfd8af14acc774dc585e814c4",
                "sha256:fbce0df09d627ec35971aa02b14adef739be59b4c7816418d1c06c92e580d4c3",
                "sha256:fc9504c4c2e893e0a6c1cc80bce51907e3461288289f630eab22b5735eba1104",
                "sha256:ff172a4dacbd964e5edcf1c2152dae157aabf856508aed15276f46d04a22128e"
            ],
            "index": "pypi",
            "markers": "python_version >= '3.8'",
            "version": "==1.4.1"
        },
        "pyinstaller": {
            "hashes": [
                "sha256:0794290b4b56ef9d35858334deb29f36ec1e1f193b0f825212a0aa5a1bec5a2f",
                "sha256:35d5c06a668e21f0122178dbf20e40fd21012dc8f6170042af6050c4e7b3edca",
                "sha256:547f7a93592e408cbfd093ce9fd9631215387dab0dbf3130351d3b0b1186a534",
                "sha256:5b05cbb2ffc033b4681268159b82bac94b875475c339603c7e605f00a73c8746",
                "sha256:7b8813fb2d5a82ef4ceffc342ed9a11a6fc1ef21e68e833dbd8fedb8a188d3f5",
                "sha256:a4d53b3ecb5786b097b79bda88c4089186fc1498ef7eaa6cee57599ae459241e",
                "sha256:c48dd257f77f61ebea2d1fdbaf11243730f2271873c88d3b5ecb7869525d3bcb",
                "sha256:d5fd73757c8ea9adb2f9c1f81656335ba9890029ede3031835d768fde36e89f0",
                "sha256:d9d99695827f892cb19644106da30681363e8ff27b8326ac8416d62890ab9c74",
                "sha256:da559cfe4f7a20a7ebdafdf12ea2a03ea94d3caa49736ef53ee2c155d78422c9",
                "sha256:e2cfdbc6dd41d19872054fc233da18856ec422a7fdea899b6985ae04f980376a",
                "sha256:f040d1e3d42af3730104078d10d4a8ca3350bd1c78de48f12e1b26f761e0cbc3"
            ],
            "index": "pypi",
            "markers": "python_version < '3.14' and python_version >= '3.8'",
            "version": "==6.14.1"
        },
        "pyinstaller-hooks-contrib": {
            "hashes": [
                "sha256:707386770b8fe066c04aad18a71bc483c7b25e18b4750a756999f7da2ab31982",
                "sha256:ebfae1ba341cb0002fb2770fad0edf2b3e913c2728d92df7ad562260988ca373"
            ],
            "markers": "python_version >= '3.8'",
            "version": "==2025.5"
        },
        "pywin32-ctypes": {
            "hashes": [
                "sha256:8a1513379d709975552d202d942d9837758905c8d01eb82b8bcc30918929e7b8",
                "sha256:d162dc04946d704503b2edc4d55f3dba5c1d539ead017afa00142c38b9885755"
            ],
            "markers": "python_version >= '3.6'",
            "version": "==0.2.3"
        },
        "setuptools": {
            "hashes": [
                "sha256:062d34222ad13e0cc312a4c02d73f059e86a4acbfbdea8f8f76b28c99f306922",
                "sha256:f36b47402ecde768dbfafc46e8e4207b4360c654f1f3bb84475f0a28628fb19c"
            ],
            "markers": "python_version >= '3.9'",
            "version": "==80.9.0"
        }
    },
    "develop": {}
}
